
Microsoft Visual Studio Solution File, Format Version 12.00
# Visual Studio Version 17
VisualStudioVersion = 17.7.34031.279
MinimumVisualStudioVersion = 10.0.40219.1
Project("{FAE04EC0-301F-11D3-BF4B-00C04F79EFBC}") = "best-example", "best-example.csproj", "{D39EEE7D-71AD-4F2C-8A7E-743C238CDC10}"
EndProject
Global
	GlobalSection(SolutionConfigurationPlatforms) = preSolution
		Debug|Any CPU = Debug|Any CPU
		Release|Any CPU = Release|Any CPU
	EndGlobalSection
	GlobalSection(ProjectConfigurationPlatforms) = postSolution
		{D39EEE7D-71AD-4F2C-8A7E-743C238CDC10}.Debug|Any CPU.ActiveCfg = Debug|Any CPU
		{D39EEE7D-71AD-4F2C-8A7E-743C238CDC10}.Debug|Any CPU.Build.0 = Debug|Any CPU
		{D39EEE7D-71AD-4F2C-8A7E-743C238CDC10}.Release|Any CPU.ActiveCfg = Release|Any CPU
		{D39EEE7D-71AD-4F2C-8A7E-743C238CDC10}.Release|Any CPU.Build.0 = Release|Any CPU
	EndGlobalSection
	GlobalSection(SolutionProperties) = preSolution
		HideSolutionNode = FALSE
	EndGlobalSection
	GlobalSection(ExtensibilityGlobals) = postSolution
		SolutionGuid = {639279A7-7F68-4F22-AD71-3B6EA301DECD}
	EndGlobalSection
EndGlobal
